
Microsoft Visual Studio Solution File, Format Version 12.00
# Visual Studio Version 17
VisualStudioVersion = 17.5.33516.290
MinimumVisualStudioVersion = 10.0.40219.1
Project("{FAE04EC0-301F-11D3-BF4B-00C04F79EFBC}") = "Parcial2_BedoyaGilSebastian", "Parcial2_BedoyaGilSebastian\Parcial2_BedoyaGilSebastian.csproj", "{7F27E453-F2FD-4681-80DF-FB901E1E7AFD}"
EndProject
Global
	GlobalSection(SolutionConfigurationPlatforms) = preSolution
		Debug|Any CPU = Debug|Any CPU
		Release|Any CPU = Release|Any CPU
	EndGlobalSection
	GlobalSection(ProjectConfigurationPlatforms) = postSolution
		{7F27E453-F2FD-4681-80DF-FB901E1E7AFD}.Debug|Any CPU.ActiveCfg = Debug|Any CPU
		{7F27E453-F2FD-4681-80DF-FB901E1E7AFD}.Debug|Any CPU.Build.0 = Debug|Any CPU
		{7F27E453-F2FD-4681-80DF-FB901E1E7AFD}.Release|Any CPU.ActiveCfg = Release|Any CPU
		{7F27E453-F2FD-4681-80DF-FB901E1E7AFD}.Release|Any CPU.Build.0 = Release|Any CPU
	EndGlobalSection
	GlobalSection(SolutionProperties) = preSolution
		HideSolutionNode = FALSE
	EndGlobalSection
	GlobalSection(ExtensibilityGlobals) = postSolution
		SolutionGuid = {4898AC0F-D931-4739-AB04-5D5F527AB63D}
	EndGlobalSection
EndGlobal
